
Microsoft Visual Studio Solution File, Format Version 12.00
# Visual Studio Version 17
VisualStudioVersion = 17.1.32407.343
MinimumVisualStudioVersion = 10.0.40219.1
Project("{9A19103F-16F7-4668-BE54-9A1E7A4F7556}") = "DemoApp", "DemoApp\DemoApp.csproj", "{01294BBA-17BE-4AA7-A655-2329CDB4B70A}"
EndProject
Project("{9A19103F-16F7-4668-BE54-9A1E7A4F7556}") = "Beey.Api", "Api\Beey.Api.csproj", "{328F4E0D-EF46-409F-A2CC-D7025294757F}"
EndProject
Project("{9A19103F-16F7-4668-BE54-9A1E7A4F7556}") = "Beey.Client", "Client\Beey.Client.csproj", "{75B04FFC-F9EA-4A31-9257-5F1D4F8DED16}"
EndProject
Project("{9A19103F-16F7-4668-BE54-9A1E7A4F7556}") = "XUnitTests", "XUnitTests\XUnitTests.csproj", "{87FE7FF1-0E49-4F20-8E52-35D989A78AC6}"
EndProject
Project("{9A19103F-16F7-4668-BE54-9A1E7A4F7556}") = "Beey.Proxy", "Beey.Proxy\Beey.Proxy.csproj", "{F249FAB5-A1ED-43EA-8083-1D017EF14461}"
EndProject
Project("{9A19103F-16F7-4668-BE54-9A1E7A4F7556}") = "DemoBeeyApp", "DemoBeeyApp\DemoBeeyApp.csproj", "{D0138B7F-BBC4-4C97-9BC2-3AA1DB54484A}"
EndProject
Project("{9A19103F-16F7-4668-BE54-9A1E7A4F7556}") = "Beey.DataExchangeModel.Common", "DataExchangeModel\Beey.DataExchangeModel.Common\Beey.DataExchangeModel.Common.csproj", "{58AA1565-C661-4311-B820-DE9DE5D4EE48}"
EndProject
Project("{9A19103F-16F7-4668-BE54-9A1E7A4F7556}") = "TranscriptionCore", "DataExchangeModel\TranscriptionCore\TranscriptionCore.csproj", "{ABB75D88-BCE3-4AAD-BA89-08B2855B4B54}"
EndProject
Global
	GlobalSection(SolutionConfigurationPlatforms) = preSolution
		Debug|Any CPU = Debug|Any CPU
		Debug|x86 = Debug|x86
		Release|Any CPU = Release|Any CPU
		Release|x86 = Release|x86
	EndGlobalSection
	GlobalSection(ProjectConfigurationPlatforms) = postSolution
		{01294BBA-17BE-4AA7-A655-2329CDB4B70A}.Debug|Any CPU.ActiveCfg = Debug|Any CPU
		{01294BBA-17BE-4AA7-A655-2329CDB4B70A}.Debug|Any CPU.Build.0 = Debug|Any CPU
		{01294BBA-17BE-4AA7-A655-2329CDB4B70A}.Debug|x86.ActiveCfg = Debug|Any CPU
		{01294BBA-17BE-4AA7-A655-2329CDB4B70A}.Debug|x86.Build.0 = Debug|Any CPU
		{01294BBA-17BE-4AA7-A655-2329CDB4B70A}.Release|Any CPU.ActiveCfg = Release|Any CPU
		{01294BBA-17BE-4AA7-A655-2329CDB4B70A}.Release|Any CPU.Build.0 = Release|Any CPU
		{01294BBA-17BE-4AA7-A655-2329CDB4B70A}.Release|x86.ActiveCfg = Release|Any CPU
		{01294BBA-17BE-4AA7-A655-2329CDB4B70A}.Release|x86.Build.0 = Release|Any CPU
		{328F4E0D-EF46-409F-A2CC-D7025294757F}.Debug|Any CPU.ActiveCfg = Debug|Any CPU
		{328F4E0D-EF46-409F-A2CC-D7025294757F}.Debug|Any CPU.Build.0 = Debug|Any CPU
		{328F4E0D-EF46-409F-A2CC-D7025294757F}.Debug|x86.ActiveCfg = Debug|Any CPU
		{328F4E0D-EF46-409F-A2CC-D7025294757F}.Debug|x86.Build.0 = Debug|Any CPU
		{328F4E0D-EF46-409F-A2CC-D7025294757F}.Release|Any CPU.ActiveCfg = Release|Any CPU
		{328F4E0D-EF46-409F-A2CC-D7025294757F}.Release|Any CPU.Build.0 = Release|Any CPU
		{328F4E0D-EF46-409F-A2CC-D7025294757F}.Release|x86.ActiveCfg = Release|Any CPU
		{328F4E0D-EF46-409F-A2CC-D7025294757F}.Release|x86.Build.0 = Release|Any CPU
		{75B04FFC-F9EA-4A31-9257-5F1D4F8DED16}.Debug|Any CPU.ActiveCfg = Debug|Any CPU
		{75B04FFC-F9EA-4A31-9257-5F1D4F8DED16}.Debug|Any CPU.Build.0 = Debug|Any CPU
		{75B04FFC-F9EA-4A31-9257-5F1D4F8DED16}.Debug|x86.ActiveCfg = Debug|Any CPU
		{75B04FFC-F9EA-4A31-9257-5F1D4F8DED16}.Debug|x86.Build.0 = Debug|Any CPU
		{75B04FFC-F9EA-4A31-9257-5F1D4F8DED16}.Release|Any CPU.ActiveCfg = Release|Any CPU
		{75B04FFC-F9EA-4A31-9257-5F1D4F8DED16}.Release|Any CPU.Build.0 = Release|Any CPU
		{75B04FFC-F9EA-4A31-9257-5F1D4F8DED16}.Release|x86.ActiveCfg = Release|Any CPU
		{75B04FFC-F9EA-4A31-9257-5F1D4F8DED16}.Release|x86.Build.0 = Release|Any CPU
		{87FE7FF1-0E49-4F20-8E52-35D989A78AC6}.Debug|Any CPU.ActiveCfg = Debug|Any CPU
		{87FE7FF1-0E49-4F20-8E52-35D989A78AC6}.Debug|Any CPU.Build.0 = Debug|Any CPU
		{87FE7FF1-0E49-4F20-8E52-35D989A78AC6}.Debug|x86.ActiveCfg = Debug|Any CPU
		{87FE7FF1-0E49-4F20-8E52-35D989A78AC6}.Debug|x86.Build.0 = Debug|Any CPU
		{87FE7FF1-0E49-4F20-8E52-35D989A78AC6}.Release|Any CPU.ActiveCfg = Release|Any CPU
		{87FE7FF1-0E49-4F20-8E52-35D989A78AC6}.Release|Any CPU.Build.0 = Release|Any CPU
		{87FE7FF1-0E49-4F20-8E52-35D989A78AC6}.Release|x86.ActiveCfg = Release|Any CPU
		{87FE7FF1-0E49-4F20-8E52-35D989A78AC6}.Release|x86.Build.0 = Release|Any CPU
		{F249FAB5-A1ED-43EA-8083-1D017EF14461}.Debug|Any CPU.ActiveCfg = Debug|Any CPU
		{F249FAB5-A1ED-43EA-8083-1D017EF14461}.Debug|Any CPU.Build.0 = Debug|Any CPU
		{F249FAB5-A1ED-43EA-8083-1D017EF14461}.Debug|x86.ActiveCfg = Debug|Any CPU
		{F249FAB5-A1ED-43EA-8083-1D017EF14461}.Debug|x86.Build.0 = Debug|Any CPU
		{F249FAB5-A1ED-43EA-8083-1D017EF14461}.Release|Any CPU.ActiveCfg = Release|Any CPU
		{F249FAB5-A1ED-43EA-8083-1D017EF14461}.Release|Any CPU.Build.0 = Release|Any CPU
		{F249FAB5-A1ED-43EA-8083-1D017EF14461}.Release|x86.ActiveCfg = Release|Any CPU
		{F249FAB5-A1ED-43EA-8083-1D017EF14461}.Release|x86.Build.0 = Release|Any CPU
		{D0138B7F-BBC4-4C97-9BC2-3AA1DB54484A}.Debug|Any CPU.ActiveCfg = Debug|Any CPU
		{D0138B7F-BBC4-4C97-9BC2-3AA1DB54484A}.Debug|Any CPU.Build.0 = Debug|Any CPU
		{D0138B7F-BBC4-4C97-9BC2-3AA1DB54484A}.Debug|x86.ActiveCfg = Debug|Any CPU
		{D0138B7F-BBC4-4C97-9BC2-3AA1DB54484A}.Debug|x86.Build.0 = Debug|Any CPU
		{D0138B7F-BBC4-4C97-9BC2-3AA1DB54484A}.Release|Any CPU.ActiveCfg = Release|Any CPU
		{D0138B7F-BBC4-4C97-9BC2-3AA1DB54484A}.Release|Any CPU.Build.0 = Release|Any CPU
		{D0138B7F-BBC4-4C97-9BC2-3AA1DB54484A}.Release|x86.ActiveCfg = Release|Any CPU
		{D0138B7F-BBC4-4C97-9BC2-3AA1DB54484A}.Release|x86.Build.0 = Release|Any CPU
		{58AA1565-C661-4311-B820-DE9DE5D4EE48}.Debug|Any CPU.ActiveCfg = Debug|Any CPU
		{58AA1565-C661-4311-B820-DE9DE5D4EE48}.Debug|Any CPU.Build.0 = Debug|Any CPU
		{58AA1565-C661-4311-B820-DE9DE5D4EE48}.Debug|x86.ActiveCfg = Debug|Any CPU
		{58AA1565-C661-4311-B820-DE9DE5D4EE48}.Debug|x86.Build.0 = Debug|Any CPU
		{58AA1565-C661-4311-B820-DE9DE5D4EE48}.Release|Any CPU.ActiveCfg = Release|Any CPU
		{58AA1565-C661-4311-B820-DE9DE5D4EE48}.Release|Any CPU.Build.0 = Release|Any CPU
		{58AA1565-C661-4311-B820-DE9DE5D4EE48}.Release|x86.ActiveCfg = Release|Any CPU
		{58AA1565-C661-4311-B820-DE9DE5D4EE48}.Release|x86.Build.0 = Release|Any CPU
		{ABB75D88-BCE3-4AAD-BA89-08B2855B4B54}.Debug|Any CPU.ActiveCfg = Debug|Any CPU
		{ABB75D88-BCE3-4AAD-BA89-08B2855B4B54}.Debug|Any CPU.Build.0 = Debug|Any CPU
		{ABB75D88-BCE3-4AAD-BA89-08B2855B4B54}.Debug|x86.ActiveCfg = Debug|Any CPU
		{ABB75D88-BCE3-4AAD-BA89-08B2855B4B54}.Debug|x86.Build.0 = Debug|Any CPU
		{ABB75D88-BCE3-4AAD-BA89-08B2855B4B54}.Release|Any CPU.ActiveCfg = Release|Any CPU
		{ABB75D88-BCE3-4AAD-BA89-08B2855B4B54}.Release|Any CPU.Build.0 = Release|Any CPU
		{ABB75D88-BCE3-4AAD-BA89-08B2855B4B54}.Release|x86.ActiveCfg = Release|Any CPU
		{ABB75D88-BCE3-4AAD-BA89-08B2855B4B54}.Release|x86.Build.0 = Release|Any CPU
	EndGlobalSection
	GlobalSection(SolutionProperties) = preSolution
		HideSolutionNode = FALSE
	EndGlobalSection
	GlobalSection(ExtensibilityGlobals) = postSolution
		SolutionGuid = {267D4822-CD9D-456C-806F-9FA3EF4B48CD}
	EndGlobalSection
EndGlobal
