
Microsoft Visual Studio Solution File, Format Version 12.00
# Visual Studio Version 16
VisualStudioVersion = 16.0.28803.156
MinimumVisualStudioVersion = 10.0.40219.1
Project("{9A19103F-16F7-4668-BE54-9A1E7A4F7556}") = "DemoApp", "DemoApp\DemoApp.csproj", "{01294BBA-17BE-4AA7-A655-2329CDB4B70A}"
EndProject
Project("{9A19103F-16F7-4668-BE54-9A1E7A4F7556}") = "Beey.Api", "Api\Beey.Api.csproj", "{328F4E0D-EF46-409F-A2CC-D7025294757F}"
EndProject
Project("{9A19103F-16F7-4668-BE54-9A1E7A4F7556}") = "Beey.Client", "Client\Beey.Client.csproj", "{75B04FFC-F9EA-4A31-9257-5F1D4F8DED16}"
EndProject
Project("{9A19103F-16F7-4668-BE54-9A1E7A4F7556}") = "StreamPusher", "StreamPusher\StreamPusher.csproj", "{A99ED462-327A-4DFC-8778-95B6B2CDF057}"
EndProject
Project("{9A19103F-16F7-4668-BE54-9A1E7A4F7556}") = "XUnitTests", "XUnitTests\XUnitTests.csproj", "{87FE7FF1-0E49-4F20-8E52-35D989A78AC6}"
EndProject
Project("{9A19103F-16F7-4668-BE54-9A1E7A4F7556}") = "TranscriptionCore", "TranscriptionCore\TranscriptionCore.csproj", "{6EC07F1D-DB2E-44D0-A45E-45B65FCF831E}"
EndProject
Project("{D954291E-2A0B-460D-934E-DC6B0785DB48}") = "Beey.DataExchangeModel", "DataExchangeModel\Beey.DataExchangeModel.shproj", "{306CEFB5-A8C2-4577-8332-13827A9EC870}"
EndProject
Project("{9A19103F-16F7-4668-BE54-9A1E7A4F7556}") = "SpeakerDbUpdater", "SpeakerDbUpdater\SpeakerDbUpdater.csproj", "{3EAB3F3F-E274-495C-AEA4-7D4E8349E918}"
EndProject
Project("{9A19103F-16F7-4668-BE54-9A1E7A4F7556}") = "M3U8StreamPusher", "M3U8StreamPusher\M3U8StreamPusher.csproj", "{6E620EDD-8C24-4E5E-8C1A-00C5D7280F81}"
EndProject
Project("{9A19103F-16F7-4668-BE54-9A1E7A4F7556}") = "open-m3u8", "open-m3u8\src\open-m3u8.csproj", "{5EC4B832-817C-4DFC-BC51-4D90859644D3}"
EndProject
Project("{9A19103F-16F7-4668-BE54-9A1E7A4F7556}") = "ProjectMerger", "ProjectMerger\ProjectMerger.csproj", "{F7FE56D6-3C85-4845-8D39-5BBF99C5FA46}"
EndProject
Project("{9A19103F-16F7-4668-BE54-9A1E7A4F7556}") = "LandeckStreamer", "LandeckStreamer\LandeckStreamer.csproj", "{4CAB083B-9231-4058-9BC6-181218C98164}"
EndProject
Project("{9A19103F-16F7-4668-BE54-9A1E7A4F7556}") = "YTtoBeey", "YTtoBeey\YTtoBeey.csproj", "{BFF49E07-C433-48C9-9FF2-7F400BB4F2BA}"
EndProject
Project("{9A19103F-16F7-4668-BE54-9A1E7A4F7556}") = "MediaStreamer", "MediaStreamer\MediaStreamer.csproj", "{AE604774-51C1-41B7-B15E-72A8C4EFDAA1}"
EndProject
Project("{9A19103F-16F7-4668-BE54-9A1E7A4F7556}") = "BatchTranscriber", "BatchTranscriber\BatchTranscriber.csproj", "{07FC8CC3-223C-4865-B541-33F4D33D96A6}"
EndProject
Project("{9A19103F-16F7-4668-BE54-9A1E7A4F7556}") = "JobScheduling", "JobScheduling\JobScheduling.csproj", "{CD2D183B-0340-4B91-B55D-B0AB615D0AC8}"
EndProject
Project("{FAE04EC0-301F-11D3-BF4B-00C04F79EFBC}") = "TestStreamer", "TestStreamer\TestStreamer.csproj", "{CD5F5631-780F-4A3B-B622-A5B7056EE2C4}"
EndProject
Global
	GlobalSection(SharedMSBuildProjectFiles) = preSolution
		DataExchangeModel\Beey.DataExchangeModel.projitems*{306cefb5-a8c2-4577-8332-13827a9ec870}*SharedItemsImports = 13
		DataExchangeModel\Beey.DataExchangeModel.projitems*{328f4e0d-ef46-409f-a2cc-d7025294757f}*SharedItemsImports = 5
	EndGlobalSection
	GlobalSection(SolutionConfigurationPlatforms) = preSolution
		Debug|Any CPU = Debug|Any CPU
		Debug|x86 = Debug|x86
		Release|Any CPU = Release|Any CPU
		Release|x86 = Release|x86
	EndGlobalSection
	GlobalSection(ProjectConfigurationPlatforms) = postSolution
		{01294BBA-17BE-4AA7-A655-2329CDB4B70A}.Debug|Any CPU.ActiveCfg = Debug|Any CPU
		{01294BBA-17BE-4AA7-A655-2329CDB4B70A}.Debug|Any CPU.Build.0 = Debug|Any CPU
		{01294BBA-17BE-4AA7-A655-2329CDB4B70A}.Debug|x86.ActiveCfg = Debug|Any CPU
		{01294BBA-17BE-4AA7-A655-2329CDB4B70A}.Debug|x86.Build.0 = Debug|Any CPU
		{01294BBA-17BE-4AA7-A655-2329CDB4B70A}.Release|Any CPU.ActiveCfg = Release|Any CPU
		{01294BBA-17BE-4AA7-A655-2329CDB4B70A}.Release|Any CPU.Build.0 = Release|Any CPU
		{01294BBA-17BE-4AA7-A655-2329CDB4B70A}.Release|x86.ActiveCfg = Release|Any CPU
		{01294BBA-17BE-4AA7-A655-2329CDB4B70A}.Release|x86.Build.0 = Release|Any CPU
		{328F4E0D-EF46-409F-A2CC-D7025294757F}.Debug|Any CPU.ActiveCfg = Debug|Any CPU
		{328F4E0D-EF46-409F-A2CC-D7025294757F}.Debug|Any CPU.Build.0 = Debug|Any CPU
		{328F4E0D-EF46-409F-A2CC-D7025294757F}.Debug|x86.ActiveCfg = Debug|Any CPU
		{328F4E0D-EF46-409F-A2CC-D7025294757F}.Debug|x86.Build.0 = Debug|Any CPU
		{328F4E0D-EF46-409F-A2CC-D7025294757F}.Release|Any CPU.ActiveCfg = Release|Any CPU
		{328F4E0D-EF46-409F-A2CC-D7025294757F}.Release|Any CPU.Build.0 = Release|Any CPU
		{328F4E0D-EF46-409F-A2CC-D7025294757F}.Release|x86.ActiveCfg = Release|Any CPU
		{328F4E0D-EF46-409F-A2CC-D7025294757F}.Release|x86.Build.0 = Release|Any CPU
		{75B04FFC-F9EA-4A31-9257-5F1D4F8DED16}.Debug|Any CPU.ActiveCfg = Debug|Any CPU
		{75B04FFC-F9EA-4A31-9257-5F1D4F8DED16}.Debug|Any CPU.Build.0 = Debug|Any CPU
		{75B04FFC-F9EA-4A31-9257-5F1D4F8DED16}.Debug|x86.ActiveCfg = Debug|Any CPU
		{75B04FFC-F9EA-4A31-9257-5F1D4F8DED16}.Debug|x86.Build.0 = Debug|Any CPU
		{75B04FFC-F9EA-4A31-9257-5F1D4F8DED16}.Release|Any CPU.ActiveCfg = Release|Any CPU
		{75B04FFC-F9EA-4A31-9257-5F1D4F8DED16}.Release|Any CPU.Build.0 = Release|Any CPU
		{75B04FFC-F9EA-4A31-9257-5F1D4F8DED16}.Release|x86.ActiveCfg = Release|Any CPU
		{75B04FFC-F9EA-4A31-9257-5F1D4F8DED16}.Release|x86.Build.0 = Release|Any CPU
		{A99ED462-327A-4DFC-8778-95B6B2CDF057}.Debug|Any CPU.ActiveCfg = Debug|Any CPU
		{A99ED462-327A-4DFC-8778-95B6B2CDF057}.Debug|Any CPU.Build.0 = Debug|Any CPU
		{A99ED462-327A-4DFC-8778-95B6B2CDF057}.Debug|x86.ActiveCfg = Debug|Any CPU
		{A99ED462-327A-4DFC-8778-95B6B2CDF057}.Debug|x86.Build.0 = Debug|Any CPU
		{A99ED462-327A-4DFC-8778-95B6B2CDF057}.Release|Any CPU.ActiveCfg = Release|Any CPU
		{A99ED462-327A-4DFC-8778-95B6B2CDF057}.Release|Any CPU.Build.0 = Release|Any CPU
		{A99ED462-327A-4DFC-8778-95B6B2CDF057}.Release|x86.ActiveCfg = Release|Any CPU
		{A99ED462-327A-4DFC-8778-95B6B2CDF057}.Release|x86.Build.0 = Release|Any CPU
		{87FE7FF1-0E49-4F20-8E52-35D989A78AC6}.Debug|Any CPU.ActiveCfg = Debug|Any CPU
		{87FE7FF1-0E49-4F20-8E52-35D989A78AC6}.Debug|Any CPU.Build.0 = Debug|Any CPU
		{87FE7FF1-0E49-4F20-8E52-35D989A78AC6}.Debug|x86.ActiveCfg = Debug|Any CPU
		{87FE7FF1-0E49-4F20-8E52-35D989A78AC6}.Debug|x86.Build.0 = Debug|Any CPU
		{87FE7FF1-0E49-4F20-8E52-35D989A78AC6}.Release|Any CPU.ActiveCfg = Release|Any CPU
		{87FE7FF1-0E49-4F20-8E52-35D989A78AC6}.Release|Any CPU.Build.0 = Release|Any CPU
		{87FE7FF1-0E49-4F20-8E52-35D989A78AC6}.Release|x86.ActiveCfg = Release|Any CPU
		{87FE7FF1-0E49-4F20-8E52-35D989A78AC6}.Release|x86.Build.0 = Release|Any CPU
		{6EC07F1D-DB2E-44D0-A45E-45B65FCF831E}.Debug|Any CPU.ActiveCfg = Debug|Any CPU
		{6EC07F1D-DB2E-44D0-A45E-45B65FCF831E}.Debug|Any CPU.Build.0 = Debug|Any CPU
		{6EC07F1D-DB2E-44D0-A45E-45B65FCF831E}.Debug|x86.ActiveCfg = Debug|x86
		{6EC07F1D-DB2E-44D0-A45E-45B65FCF831E}.Debug|x86.Build.0 = Debug|x86
		{6EC07F1D-DB2E-44D0-A45E-45B65FCF831E}.Release|Any CPU.ActiveCfg = Release|Any CPU
		{6EC07F1D-DB2E-44D0-A45E-45B65FCF831E}.Release|Any CPU.Build.0 = Release|Any CPU
		{6EC07F1D-DB2E-44D0-A45E-45B65FCF831E}.Release|x86.ActiveCfg = Release|x86
		{6EC07F1D-DB2E-44D0-A45E-45B65FCF831E}.Release|x86.Build.0 = Release|x86
		{3EAB3F3F-E274-495C-AEA4-7D4E8349E918}.Debug|Any CPU.ActiveCfg = Debug|Any CPU
		{3EAB3F3F-E274-495C-AEA4-7D4E8349E918}.Debug|Any CPU.Build.0 = Debug|Any CPU
		{3EAB3F3F-E274-495C-AEA4-7D4E8349E918}.Debug|x86.ActiveCfg = Debug|Any CPU
		{3EAB3F3F-E274-495C-AEA4-7D4E8349E918}.Debug|x86.Build.0 = Debug|Any CPU
		{3EAB3F3F-E274-495C-AEA4-7D4E8349E918}.Release|Any CPU.ActiveCfg = Release|Any CPU
		{3EAB3F3F-E274-495C-AEA4-7D4E8349E918}.Release|Any CPU.Build.0 = Release|Any CPU
		{3EAB3F3F-E274-495C-AEA4-7D4E8349E918}.Release|x86.ActiveCfg = Release|Any CPU
		{3EAB3F3F-E274-495C-AEA4-7D4E8349E918}.Release|x86.Build.0 = Release|Any CPU
		{6E620EDD-8C24-4E5E-8C1A-00C5D7280F81}.Debug|Any CPU.ActiveCfg = Debug|Any CPU
		{6E620EDD-8C24-4E5E-8C1A-00C5D7280F81}.Debug|Any CPU.Build.0 = Debug|Any CPU
		{6E620EDD-8C24-4E5E-8C1A-00C5D7280F81}.Debug|x86.ActiveCfg = Debug|Any CPU
		{6E620EDD-8C24-4E5E-8C1A-00C5D7280F81}.Debug|x86.Build.0 = Debug|Any CPU
		{6E620EDD-8C24-4E5E-8C1A-00C5D7280F81}.Release|Any CPU.ActiveCfg = Release|Any CPU
		{6E620EDD-8C24-4E5E-8C1A-00C5D7280F81}.Release|Any CPU.Build.0 = Release|Any CPU
		{6E620EDD-8C24-4E5E-8C1A-00C5D7280F81}.Release|x86.ActiveCfg = Release|Any CPU
		{6E620EDD-8C24-4E5E-8C1A-00C5D7280F81}.Release|x86.Build.0 = Release|Any CPU
		{5EC4B832-817C-4DFC-BC51-4D90859644D3}.Debug|Any CPU.ActiveCfg = Debug|Any CPU
		{5EC4B832-817C-4DFC-BC51-4D90859644D3}.Debug|Any CPU.Build.0 = Debug|Any CPU
		{5EC4B832-817C-4DFC-BC51-4D90859644D3}.Debug|x86.ActiveCfg = Debug|Any CPU
		{5EC4B832-817C-4DFC-BC51-4D90859644D3}.Debug|x86.Build.0 = Debug|Any CPU
		{5EC4B832-817C-4DFC-BC51-4D90859644D3}.Release|Any CPU.ActiveCfg = Release|Any CPU
		{5EC4B832-817C-4DFC-BC51-4D90859644D3}.Release|Any CPU.Build.0 = Release|Any CPU
		{5EC4B832-817C-4DFC-BC51-4D90859644D3}.Release|x86.ActiveCfg = Release|Any CPU
		{5EC4B832-817C-4DFC-BC51-4D90859644D3}.Release|x86.Build.0 = Release|Any CPU
		{F7FE56D6-3C85-4845-8D39-5BBF99C5FA46}.Debug|Any CPU.ActiveCfg = Debug|Any CPU
		{F7FE56D6-3C85-4845-8D39-5BBF99C5FA46}.Debug|Any CPU.Build.0 = Debug|Any CPU
		{F7FE56D6-3C85-4845-8D39-5BBF99C5FA46}.Debug|x86.ActiveCfg = Debug|Any CPU
		{F7FE56D6-3C85-4845-8D39-5BBF99C5FA46}.Debug|x86.Build.0 = Debug|Any CPU
		{F7FE56D6-3C85-4845-8D39-5BBF99C5FA46}.Release|Any CPU.ActiveCfg = Release|Any CPU
		{F7FE56D6-3C85-4845-8D39-5BBF99C5FA46}.Release|Any CPU.Build.0 = Release|Any CPU
		{F7FE56D6-3C85-4845-8D39-5BBF99C5FA46}.Release|x86.ActiveCfg = Release|Any CPU
		{F7FE56D6-3C85-4845-8D39-5BBF99C5FA46}.Release|x86.Build.0 = Release|Any CPU
		{4CAB083B-9231-4058-9BC6-181218C98164}.Debug|Any CPU.ActiveCfg = Debug|Any CPU
		{4CAB083B-9231-4058-9BC6-181218C98164}.Debug|Any CPU.Build.0 = Debug|Any CPU
		{4CAB083B-9231-4058-9BC6-181218C98164}.Debug|x86.ActiveCfg = Debug|Any CPU
		{4CAB083B-9231-4058-9BC6-181218C98164}.Debug|x86.Build.0 = Debug|Any CPU
		{4CAB083B-9231-4058-9BC6-181218C98164}.Release|Any CPU.ActiveCfg = Release|Any CPU
		{4CAB083B-9231-4058-9BC6-181218C98164}.Release|Any CPU.Build.0 = Release|Any CPU
		{4CAB083B-9231-4058-9BC6-181218C98164}.Release|x86.ActiveCfg = Release|Any CPU
		{4CAB083B-9231-4058-9BC6-181218C98164}.Release|x86.Build.0 = Release|Any CPU
		{BFF49E07-C433-48C9-9FF2-7F400BB4F2BA}.Debug|Any CPU.ActiveCfg = Debug|Any CPU
		{BFF49E07-C433-48C9-9FF2-7F400BB4F2BA}.Debug|Any CPU.Build.0 = Debug|Any CPU
		{BFF49E07-C433-48C9-9FF2-7F400BB4F2BA}.Debug|x86.ActiveCfg = Debug|Any CPU
		{BFF49E07-C433-48C9-9FF2-7F400BB4F2BA}.Debug|x86.Build.0 = Debug|Any CPU
		{BFF49E07-C433-48C9-9FF2-7F400BB4F2BA}.Release|Any CPU.ActiveCfg = Release|Any CPU
		{BFF49E07-C433-48C9-9FF2-7F400BB4F2BA}.Release|Any CPU.Build.0 = Release|Any CPU
		{BFF49E07-C433-48C9-9FF2-7F400BB4F2BA}.Release|x86.ActiveCfg = Release|Any CPU
		{BFF49E07-C433-48C9-9FF2-7F400BB4F2BA}.Release|x86.Build.0 = Release|Any CPU
		{AE604774-51C1-41B7-B15E-72A8C4EFDAA1}.Debug|Any CPU.ActiveCfg = Debug|Any CPU
		{AE604774-51C1-41B7-B15E-72A8C4EFDAA1}.Debug|Any CPU.Build.0 = Debug|Any CPU
		{AE604774-51C1-41B7-B15E-72A8C4EFDAA1}.Debug|x86.ActiveCfg = Debug|Any CPU
		{AE604774-51C1-41B7-B15E-72A8C4EFDAA1}.Debug|x86.Build.0 = Debug|Any CPU
		{AE604774-51C1-41B7-B15E-72A8C4EFDAA1}.Release|Any CPU.ActiveCfg = Release|Any CPU
		{AE604774-51C1-41B7-B15E-72A8C4EFDAA1}.Release|Any CPU.Build.0 = Release|Any CPU
		{AE604774-51C1-41B7-B15E-72A8C4EFDAA1}.Release|x86.ActiveCfg = Release|Any CPU
		{AE604774-51C1-41B7-B15E-72A8C4EFDAA1}.Release|x86.Build.0 = Release|Any CPU
		{07FC8CC3-223C-4865-B541-33F4D33D96A6}.Debug|Any CPU.ActiveCfg = Debug|Any CPU
		{07FC8CC3-223C-4865-B541-33F4D33D96A6}.Debug|Any CPU.Build.0 = Debug|Any CPU
		{07FC8CC3-223C-4865-B541-33F4D33D96A6}.Debug|x86.ActiveCfg = Debug|Any CPU
		{07FC8CC3-223C-4865-B541-33F4D33D96A6}.Debug|x86.Build.0 = Debug|Any CPU
		{07FC8CC3-223C-4865-B541-33F4D33D96A6}.Release|Any CPU.ActiveCfg = Release|Any CPU
		{07FC8CC3-223C-4865-B541-33F4D33D96A6}.Release|Any CPU.Build.0 = Release|Any CPU
		{07FC8CC3-223C-4865-B541-33F4D33D96A6}.Release|x86.ActiveCfg = Release|Any CPU
		{07FC8CC3-223C-4865-B541-33F4D33D96A6}.Release|x86.Build.0 = Release|Any CPU
		{CD2D183B-0340-4B91-B55D-B0AB615D0AC8}.Debug|Any CPU.ActiveCfg = Debug|Any CPU
		{CD2D183B-0340-4B91-B55D-B0AB615D0AC8}.Debug|Any CPU.Build.0 = Debug|Any CPU
		{CD2D183B-0340-4B91-B55D-B0AB615D0AC8}.Debug|x86.ActiveCfg = Debug|Any CPU
		{CD2D183B-0340-4B91-B55D-B0AB615D0AC8}.Debug|x86.Build.0 = Debug|Any CPU
		{CD2D183B-0340-4B91-B55D-B0AB615D0AC8}.Release|Any CPU.ActiveCfg = Release|Any CPU
		{CD2D183B-0340-4B91-B55D-B0AB615D0AC8}.Release|Any CPU.Build.0 = Release|Any CPU
		{CD2D183B-0340-4B91-B55D-B0AB615D0AC8}.Release|x86.ActiveCfg = Release|Any CPU
		{CD2D183B-0340-4B91-B55D-B0AB615D0AC8}.Release|x86.Build.0 = Release|Any CPU
		{CD5F5631-780F-4A3B-B622-A5B7056EE2C4}.Debug|Any CPU.ActiveCfg = Debug|Any CPU
		{CD5F5631-780F-4A3B-B622-A5B7056EE2C4}.Debug|Any CPU.Build.0 = Debug|Any CPU
		{CD5F5631-780F-4A3B-B622-A5B7056EE2C4}.Debug|x86.ActiveCfg = Debug|Any CPU
		{CD5F5631-780F-4A3B-B622-A5B7056EE2C4}.Debug|x86.Build.0 = Debug|Any CPU
		{CD5F5631-780F-4A3B-B622-A5B7056EE2C4}.Release|Any CPU.ActiveCfg = Release|Any CPU
		{CD5F5631-780F-4A3B-B622-A5B7056EE2C4}.Release|Any CPU.Build.0 = Release|Any CPU
		{CD5F5631-780F-4A3B-B622-A5B7056EE2C4}.Release|x86.ActiveCfg = Release|Any CPU
		{CD5F5631-780F-4A3B-B622-A5B7056EE2C4}.Release|x86.Build.0 = Release|Any CPU
	EndGlobalSection
	GlobalSection(SolutionProperties) = preSolution
		HideSolutionNode = FALSE
	EndGlobalSection
	GlobalSection(ExtensibilityGlobals) = postSolution
		SolutionGuid = {267D4822-CD9D-456C-806F-9FA3EF4B48CD}
	EndGlobalSection
EndGlobal
